
Microsoft Visual Studio Solution File, Format Version 12.00
# Visual Studio Version 17
VisualStudioVersion = 17.6.33712.159
MinimumVisualStudioVersion = 10.0.40219.1
Project("{FAE04EC0-301F-11D3-BF4B-00C04F79EFBC}") = "Ihc.CrackSports.WebApp", "Ihc.CrackSports\Ihc.CrackSports.WebApp.csproj", "{542B3822-D3B1-4685-993A-18B2855DA778}"
EndProject
Project("{FAE04EC0-301F-11D3-BF4B-00C04F79EFBC}") = "Ihc.CrackSports.Core", "Ihc.CrackSports.Core\Ihc.CrackSports.Core.csproj", "{C18BAA8A-FD51-495A-892F-9D108C001B0B}"
EndProject
Global
	GlobalSection(SolutionConfigurationPlatforms) = preSolution
		Debug|Any CPU = Debug|Any CPU
		Release|Any CPU = Release|Any CPU
	EndGlobalSection
	GlobalSection(ProjectConfigurationPlatforms) = postSolution
		{542B3822-D3B1-4685-993A-18B2855DA778}.Debug|Any CPU.ActiveCfg = Debug|Any CPU
		{542B3822-D3B1-4685-993A-18B2855DA778}.Debug|Any CPU.Build.0 = Debug|Any CPU
		{542B3822-D3B1-4685-993A-18B2855DA778}.Release|Any CPU.ActiveCfg = Release|Any CPU
		{542B3822-D3B1-4685-993A-18B2855DA778}.Release|Any CPU.Build.0 = Release|Any CPU
		{C18BAA8A-FD51-495A-892F-9D108C001B0B}.Debug|Any CPU.ActiveCfg = Debug|Any CPU
		{C18BAA8A-FD51-495A-892F-9D108C001B0B}.Debug|Any CPU.Build.0 = Debug|Any CPU
		{C18BAA8A-FD51-495A-892F-9D108C001B0B}.Release|Any CPU.ActiveCfg = Release|Any CPU
		{C18BAA8A-FD51-495A-892F-9D108C001B0B}.Release|Any CPU.Build.0 = Release|Any CPU
	EndGlobalSection
	GlobalSection(SolutionProperties) = preSolution
		HideSolutionNode = FALSE
	EndGlobalSection
	GlobalSection(ExtensibilityGlobals) = postSolution
		SolutionGuid = {68F7C591-2728-4DA5-95D2-DF5D1249F88A}
	EndGlobalSection
EndGlobal
